Microsoft Visual Studio Solution File, Format Version 12.00
# Visual Studio Version 17
VisualStudioVersion = 17.5.2.0
MinimumVisualStudioVersion = 10.0.40219.1
Project("{FAE04EC0-301F-11D3-BF4B-00C04F79EFBC}") = "sortablestorage", "sortablestorage.csproj", "{068DA83A-7E31-CC8B-5FE0-926ECCBA7CB4}"
EndProject
Global
	GlobalSection(SolutionConfigurationPlatforms) = preSolution
		Debug|Any CPU = Debug|Any CPU
		Release|Any CPU = Release|Any CPU
	EndGlobalSection
	GlobalSection(ProjectConfigurationPlatforms) = postSolution
		{068DA83A-7E31-CC8B-5FE0-926ECCBA7CB4}.Debug|Any CPU.ActiveCfg = Debug|Any CPU
		{068DA83A-7E31-CC8B-5FE0-926ECCBA7CB4}.Debug|Any CPU.Build.0 = Debug|Any CPU
		{068DA83A-7E31-CC8B-5FE0-926ECCBA7CB4}.Release|Any CPU.ActiveCfg = Release|Any CPU
		{068DA83A-7E31-CC8B-5FE0-926ECCBA7CB4}.Release|Any CPU.Build.0 = Release|Any CPU
	EndGlobalSection
	GlobalSection(SolutionProperties) = preSolution
		HideSolutionNode = FALSE
	EndGlobalSection
	GlobalSection(ExtensibilityGlobals) = postSolution
		SolutionGuid = {09A158E5-C592-496F-9572-CE326510F356}
	EndGlobalSection
EndGlobal
